
Microsoft Visual Studio Solution File, Format Version 12.00
# Visual Studio Version 17
VisualStudioVersion = 17.10.35004.147
MinimumVisualStudioVersion = 10.0.40219.1
Project("{FAE04EC0-301F-11D3-BF4B-00C04F79EFBC}") = "calışan-Kaybı-Sınıflandırmas", "calışan-Kaybı-Sınıflandırmas\calışan-Kaybı-Sınıflandırmas.csproj", "{7F035380-6DCB-4267-94C1-9A0AC08AE5EB}"
EndProject
Global
	GlobalSection(SolutionConfigurationPlatforms) = preSolution
		Debug|Any CPU = Debug|Any CPU
		Release|Any CPU = Release|Any CPU
	EndGlobalSection
	GlobalSection(ProjectConfigurationPlatforms) = postSolution
		{7F035380-6DCB-4267-94C1-9A0AC08AE5EB}.Debug|Any CPU.ActiveCfg = Debug|Any CPU
		{7F035380-6DCB-4267-94C1-9A0AC08AE5EB}.Debug|Any CPU.Build.0 = Debug|Any CPU
		{7F035380-6DCB-4267-94C1-9A0AC08AE5EB}.Release|Any CPU.ActiveCfg = Release|Any CPU
		{7F035380-6DCB-4267-94C1-9A0AC08AE5EB}.Release|Any CPU.Build.0 = Release|Any CPU
	EndGlobalSection
	GlobalSection(SolutionProperties) = preSolution
		HideSolutionNode = FALSE
	EndGlobalSection
	GlobalSection(ExtensibilityGlobals) = postSolution
		SolutionGuid = {94449C2E-24F7-46DB-A5E8-C5792AA90C4B}
	EndGlobalSection
EndGlobal
